
Microsoft Visual Studio Solution File, Format Version 12.00
# Visual Studio Version 17
VisualStudioVersion = 17.1.32328.378
MinimumVisualStudioVersion = 10.0.40219.1
Project("{8BC9CEB8-8B4A-11D0-8D11-00A0C91BC942}") = "Data Struct", "Data Struct\Data Struct.vcxproj", "{6497983C-D65A-4ADA-8244-CD0AEB73BE19}"
EndProject
Project("{8BC9CEB8-8B4A-11D0-8D11-00A0C91BC942}") = "Sqlist", "Sqlist\Sqlist.vcxproj", "{DEC01BD7-0CFF-4AC8-9750-D635877EEBC7}"
EndProject
Project("{8BC9CEB8-8B4A-11D0-8D11-00A0C91BC942}") = "Stack", "Stack\Stack.vcxproj", "{176899C4-0817-415B-B416-DF1EFC2972AF}"
EndProject
Project("{8BC9CEB8-8B4A-11D0-8D11-00A0C91BC942}") = "进制转化", "进制转化\进制转化.vcxproj", "{EBB28FFF-9102-4C3D-9245-1ADE2335D160}"
EndProject
Project("{8BC9CEB8-8B4A-11D0-8D11-00A0C91BC942}") = "回文数", "回文数\回文数.vcxproj", "{930CD270-8197-4B13-A47E-1AB741A7C011}"
EndProject
Project("{8BC9CEB8-8B4A-11D0-8D11-00A0C91BC942}") = "词法分析", "词法分析\词法分析.vcxproj", "{B3B550F8-78E6-4417-90C1-9EE924107147}"
EndProject
Project("{8BC9CEB8-8B4A-11D0-8D11-00A0C91BC942}") = "语法分析", "语法分析\语法分析.vcxproj", "{C5C393E6-1F95-4346-822C-99CDC2B5EDBB}"
EndProject
Project("{8BC9CEB8-8B4A-11D0-8D11-00A0C91BC942}") = "词法分析2", "词法分析2\词法分析2.vcxproj", "{7A99277B-9749-4CC2-A65D-DC4D44BAA1C5}"
EndProject
Project("{8BC9CEB8-8B4A-11D0-8D11-00A0C91BC942}") = "lexanylisyparse", "lexanylisyparse\lexanylisyparse.vcxproj", "{643195A8-E6F6-4D5B-BFC8-B95F9D76C571}"
EndProject
Project("{8BC9CEB8-8B4A-11D0-8D11-00A0C91BC942}") = "课程设计", "课程设计\课程设计.vcxproj", "{2F8C7830-BE7E-44A7-B51F-E628916DC759}"
EndProject
Project("{8BC9CEB8-8B4A-11D0-8D11-00A0C91BC942}") = "哈夫曼编码译码", "哈夫曼编码译码\哈夫曼编码译码.vcxproj", "{D779311E-2006-4D0A-92A6-B93BB6202620}"
EndProject
Project("{8BC9CEB8-8B4A-11D0-8D11-00A0C91BC942}") = "树与二叉树", "树与二叉树\树与二叉树.vcxproj", "{D172A3FD-A968-4D8C-96F3-05104CF22D7A}"
EndProject
Project("{8BC9CEB8-8B4A-11D0-8D11-00A0C91BC942}") = "编译原理", "编译原理\编译原理.vcxproj", "{8066B92D-C6D1-4CED-B44A-CF5AE4E37E09}"
EndProject
Project("{8BC9CEB8-8B4A-11D0-8D11-00A0C91BC942}") = "Graph", "Graph\Graph.vcxproj", "{FB24649F-5952-476F-A91E-7D29BB3B56D7}"
EndProject
Project("{8BC9CEB8-8B4A-11D0-8D11-00A0C91BC942}") = "BtTreeSearch", "BtTreeSearch\BtTreeSearch.vcxproj", "{ED152464-BED4-41B6-BC3D-6DCBAAE7622F}"
EndProject
Project("{8BC9CEB8-8B4A-11D0-8D11-00A0C91BC942}") = "比较代码的相识度", "Test\Test.vcxproj", "{FA10008D-8E7F-4B61-BDE9-CB896302A5AB}"
EndProject
Project("{8BC9CEB8-8B4A-11D0-8D11-00A0C91BC942}") = "HafumanTree", "HafumanTree\HafumanTree.vcxproj", "{8E990FCD-3093-44DB-8E9F-F3C1480B782D}"
EndProject
Project("{8BC9CEB8-8B4A-11D0-8D11-00A0C91BC942}") = "school guide", "school guide\school guide.vcxproj", "{27219BC5-A938-4E0F-AF44-EDBD5BDDC332}"
EndProject
Project("{8BC9CEB8-8B4A-11D0-8D11-00A0C91BC942}") = "hedawei", "hedawei\hedawei.vcxproj", "{9CDBED60-24DC-4247-AB60-083D94F4766F}"
EndProject
Project("{8BC9CEB8-8B4A-11D0-8D11-00A0C91BC942}") = "hetawei2", "hetawei2\hetawei2.vcxproj", "{34F934CE-847E-4D29-A97F-AAF3038ACE0B}"
EndProject
Project("{8BC9CEB8-8B4A-11D0-8D11-00A0C91BC942}") = "sort", "sort\sort.vcxproj", "{AB240C24-5806-4024-8C19-6BB02DB31664}"
EndProject
Project("{8BC9CEB8-8B4A-11D0-8D11-00A0C91BC942}") = "学生信息查找", "学生信息查找\学生信息查找.vcxproj", "{62C0F448-37BB-4D39-9779-7C8A44141F8F}"
EndProject
Project("{8BC9CEB8-8B4A-11D0-8D11-00A0C91BC942}") = "图邻接矩阵", "图邻接矩阵\图邻接矩阵.vcxproj", "{BDCFD251-6CF1-4620-B18A-70828223A964}"
EndProject
Project("{8BC9CEB8-8B4A-11D0-8D11-00A0C91BC942}") = "排序", "排序\排序.vcxproj", "{829DDCF5-8A2A-4A92-A16F-F3421C2E3D87}"
EndProject
Project("{8BC9CEB8-8B4A-11D0-8D11-00A0C91BC942}") = "Stl使用", "Stl使用\Stl使用.vcxproj", "{FD8E64C7-A7CB-4495-9B70-D2786D996AB6}"
EndProject
Global
	GlobalSection(SolutionConfigurationPlatforms) = preSolution
		Debug|x64 = Debug|x64
		Debug|x86 = Debug|x86
		Release|x64 = Release|x64
		Release|x86 = Release|x86
	EndGlobalSection
	GlobalSection(ProjectConfigurationPlatforms) = postSolution
		{6497983C-D65A-4ADA-8244-CD0AEB73BE19}.Debug|x64.ActiveCfg = Debug|x64
		{6497983C-D65A-4ADA-8244-CD0AEB73BE19}.Debug|x64.Build.0 = Debug|x64
		{6497983C-D65A-4ADA-8244-CD0AEB73BE19}.Debug|x86.ActiveCfg = Debug|Win32
		{6497983C-D65A-4ADA-8244-CD0AEB73BE19}.Debug|x86.Build.0 = Debug|Win32
		{6497983C-D65A-4ADA-8244-CD0AEB73BE19}.Release|x64.ActiveCfg = Release|x64
		{6497983C-D65A-4ADA-8244-CD0AEB73BE19}.Release|x64.Build.0 = Release|x64
		{6497983C-D65A-4ADA-8244-CD0AEB73BE19}.Release|x86.ActiveCfg = Release|Win32
		{6497983C-D65A-4ADA-8244-CD0AEB73BE19}.Release|x86.Build.0 = Release|Win32
		{DEC01BD7-0CFF-4AC8-9750-D635877EEBC7}.Debug|x64.ActiveCfg = Debug|x64
		{DEC01BD7-0CFF-4AC8-9750-D635877EEBC7}.Debug|x64.Build.0 = Debug|x64
		{DEC01BD7-0CFF-4AC8-9750-D635877EEBC7}.Debug|x86.ActiveCfg = Debug|Win32
		{DEC01BD7-0CFF-4AC8-9750-D635877EEBC7}.Debug|x86.Build.0 = Debug|Win32
		{DEC01BD7-0CFF-4AC8-9750-D635877EEBC7}.Release|x64.ActiveCfg = Release|x64
		{DEC01BD7-0CFF-4AC8-9750-D635877EEBC7}.Release|x64.Build.0 = Release|x64
		{DEC01BD7-0CFF-4AC8-9750-D635877EEBC7}.Release|x86.ActiveCfg = Release|Win32
		{DEC01BD7-0CFF-4AC8-9750-D635877EEBC7}.Release|x86.Build.0 = Release|Win32
		{176899C4-0817-415B-B416-DF1EFC2972AF}.Debug|x64.ActiveCfg = Debug|x64
		{176899C4-0817-415B-B416-DF1EFC2972AF}.Debug|x64.Build.0 = Debug|x64
		{176899C4-0817-415B-B416-DF1EFC2972AF}.Debug|x86.ActiveCfg = Debug|Win32
		{176899C4-0817-415B-B416-DF1EFC2972AF}.Debug|x86.Build.0 = Debug|Win32
		{176899C4-0817-415B-B416-DF1EFC2972AF}.Release|x64.ActiveCfg = Release|x64
		{176899C4-0817-415B-B416-DF1EFC2972AF}.Release|x64.Build.0 = Release|x64
		{176899C4-0817-415B-B416-DF1EFC2972AF}.Release|x86.ActiveCfg = Release|Win32
		{176899C4-0817-415B-B416-DF1EFC2972AF}.Release|x86.Build.0 = Release|Win32
		{EBB28FFF-9102-4C3D-9245-1ADE2335D160}.Debug|x64.ActiveCfg = Debug|x64
		{EBB28FFF-9102-4C3D-9245-1ADE2335D160}.Debug|x64.Build.0 = Debug|x64
		{EBB28FFF-9102-4C3D-9245-1ADE2335D160}.Debug|x86.ActiveCfg = Debug|Win32
		{EBB28FFF-9102-4C3D-9245-1ADE2335D160}.Debug|x86.Build.0 = Debug|Win32
		{EBB28FFF-9102-4C3D-9245-1ADE2335D160}.Release|x64.ActiveCfg = Release|x64
		{EBB28FFF-9102-4C3D-9245-1ADE2335D160}.Release|x64.Build.0 = Release|x64
		{EBB28FFF-9102-4C3D-9245-1ADE2335D160}.Release|x86.ActiveCfg = Release|Win32
		{EBB28FFF-9102-4C3D-9245-1ADE2335D160}.Release|x86.Build.0 = Release|Win32
		{930CD270-8197-4B13-A47E-1AB741A7C011}.Debug|x64.ActiveCfg = Debug|x64
		{930CD270-8197-4B13-A47E-1AB741A7C011}.Debug|x64.Build.0 = Debug|x64
		{930CD270-8197-4B13-A47E-1AB741A7C011}.Debug|x86.ActiveCfg = Debug|Win32
		{930CD270-8197-4B13-A47E-1AB741A7C011}.Debug|x86.Build.0 = Debug|Win32
		{930CD270-8197-4B13-A47E-1AB741A7C011}.Release|x64.ActiveCfg = Release|x64
		{930CD270-8197-4B13-A47E-1AB741A7C011}.Release|x64.Build.0 = Release|x64
		{930CD270-8197-4B13-A47E-1AB741A7C011}.Release|x86.ActiveCfg = Release|Win32
		{930CD270-8197-4B13-A47E-1AB741A7C011}.Release|x86.Build.0 = Release|Win32
		{B3B550F8-78E6-4417-90C1-9EE924107147}.Debug|x64.ActiveCfg = Debug|x64
		{B3B550F8-78E6-4417-90C1-9EE924107147}.Debug|x64.Build.0 = Debug|x64
		{B3B550F8-78E6-4417-90C1-9EE924107147}.Debug|x86.ActiveCfg = Debug|Win32
		{B3B550F8-78E6-4417-90C1-9EE924107147}.Debug|x86.Build.0 = Debug|Win32
		{B3B550F8-78E6-4417-90C1-9EE924107147}.Release|x64.ActiveCfg = Release|x64
		{B3B550F8-78E6-4417-90C1-9EE924107147}.Release|x64.Build.0 = Release|x64
		{B3B550F8-78E6-4417-90C1-9EE924107147}.Release|x86.ActiveCfg = Release|Win32
		{B3B550F8-78E6-4417-90C1-9EE924107147}.Release|x86.Build.0 = Release|Win32
		{C5C393E6-1F95-4346-822C-99CDC2B5EDBB}.Debug|x64.ActiveCfg = Debug|x64
		{C5C393E6-1F95-4346-822C-99CDC2B5EDBB}.Debug|x64.Build.0 = Debug|x64
		{C5C393E6-1F95-4346-822C-99CDC2B5EDBB}.Debug|x86.ActiveCfg = Debug|Win32
		{C5C393E6-1F95-4346-822C-99CDC2B5EDBB}.Debug|x86.Build.0 = Debug|Win32
		{C5C393E6-1F95-4346-822C-99CDC2B5EDBB}.Release|x64.ActiveCfg = Release|x64
		{C5C393E6-1F95-4346-822C-99CDC2B5EDBB}.Release|x64.Build.0 = Release|x64
		{C5C393E6-1F95-4346-822C-99CDC2B5EDBB}.Release|x86.ActiveCfg = Release|Win32
		{C5C393E6-1F95-4346-822C-99CDC2B5EDBB}.Release|x86.Build.0 = Release|Win32
		{7A99277B-9749-4CC2-A65D-DC4D44BAA1C5}.Debug|x64.ActiveCfg = Debug|x64
		{7A99277B-9749-4CC2-A65D-DC4D44BAA1C5}.Debug|x64.Build.0 = Debug|x64
		{7A99277B-9749-4CC2-A65D-DC4D44BAA1C5}.Debug|x86.ActiveCfg = Debug|Win32
		{7A99277B-9749-4CC2-A65D-DC4D44BAA1C5}.Debug|x86.Build.0 = Debug|Win32
		{7A99277B-9749-4CC2-A65D-DC4D44BAA1C5}.Release|x64.ActiveCfg = Release|x64
		{7A99277B-9749-4CC2-A65D-DC4D44BAA1C5}.Release|x64.Build.0 = Release|x64
		{7A99277B-9749-4CC2-A65D-DC4D44BAA1C5}.Release|x86.ActiveCfg = Release|Win32
		{7A99277B-9749-4CC2-A65D-DC4D44BAA1C5}.Release|x86.Build.0 = Release|Win32
		{643195A8-E6F6-4D5B-BFC8-B95F9D76C571}.Debug|x64.ActiveCfg = Debug|x64
		{643195A8-E6F6-4D5B-BFC8-B95F9D76C571}.Debug|x64.Build.0 = Debug|x64
		{643195A8-E6F6-4D5B-BFC8-B95F9D76C571}.Debug|x86.ActiveCfg = Debug|Win32
		{643195A8-E6F6-4D5B-BFC8-B95F9D76C571}.Debug|x86.Build.0 = Debug|Win32
		{643195A8-E6F6-4D5B-BFC8-B95F9D76C571}.Release|x64.ActiveCfg = Release|x64
		{643195A8-E6F6-4D5B-BFC8-B95F9D76C571}.Release|x64.Build.0 = Release|x64
		{643195A8-E6F6-4D5B-BFC8-B95F9D76C571}.Release|x86.ActiveCfg = Release|Win32
		{643195A8-E6F6-4D5B-BFC8-B95F9D76C571}.Release|x86.Build.0 = Release|Win32
		{2F8C7830-BE7E-44A7-B51F-E628916DC759}.Debug|x64.ActiveCfg = Debug|x64
		{2F8C7830-BE7E-44A7-B51F-E628916DC759}.Debug|x64.Build.0 = Debug|x64
		{2F8C7830-BE7E-44A7-B51F-E628916DC759}.Debug|x86.ActiveCfg = Debug|Win32
		{2F8C7830-BE7E-44A7-B51F-E628916DC759}.Debug|x86.Build.0 = Debug|Win32
		{2F8C7830-BE7E-44A7-B51F-E628916DC759}.Release|x64.ActiveCfg = Release|x64
		{2F8C7830-BE7E-44A7-B51F-E628916DC759}.Release|x64.Build.0 = Release|x64
		{2F8C7830-BE7E-44A7-B51F-E628916DC759}.Release|x86.ActiveCfg = Release|Win32
		{2F8C7830-BE7E-44A7-B51F-E628916DC759}.Release|x86.Build.0 = Release|Win32
		{D779311E-2006-4D0A-92A6-B93BB6202620}.Debug|x64.ActiveCfg = Debug|x64
		{D779311E-2006-4D0A-92A6-B93BB6202620}.Debug|x64.Build.0 = Debug|x64
		{D779311E-2006-4D0A-92A6-B93BB6202620}.Debug|x86.ActiveCfg = Debug|Win32
		{D779311E-2006-4D0A-92A6-B93BB6202620}.Debug|x86.Build.0 = Debug|Win32
		{D779311E-2006-4D0A-92A6-B93BB6202620}.Release|x64.ActiveCfg = Release|x64
		{D779311E-2006-4D0A-92A6-B93BB6202620}.Release|x64.Build.0 = Release|x64
		{D779311E-2006-4D0A-92A6-B93BB6202620}.Release|x86.ActiveCfg = Release|Win32
		{D779311E-2006-4D0A-92A6-B93BB6202620}.Release|x86.Build.0 = Release|Win32
		{D172A3FD-A968-4D8C-96F3-05104CF22D7A}.Debug|x64.ActiveCfg = Debug|x64
		{D172A3FD-A968-4D8C-96F3-05104CF22D7A}.Debug|x64.Build.0 = Debug|x64
		{D172A3FD-A968-4D8C-96F3-05104CF22D7A}.Debug|x86.ActiveCfg = Debug|Win32
		{D172A3FD-A968-4D8C-96F3-05104CF22D7A}.Debug|x86.Build.0 = Debug|Win32
		{D172A3FD-A968-4D8C-96F3-05104CF22D7A}.Release|x64.ActiveCfg = Release|x64
		{D172A3FD-A968-4D8C-96F3-05104CF22D7A}.Release|x64.Build.0 = Release|x64
		{D172A3FD-A968-4D8C-96F3-05104CF22D7A}.Release|x86.ActiveCfg = Release|Win32
		{D172A3FD-A968-4D8C-96F3-05104CF22D7A}.Release|x86.Build.0 = Release|Win32
		{8066B92D-C6D1-4CED-B44A-CF5AE4E37E09}.Debug|x64.ActiveCfg = Debug|x64
		{8066B92D-C6D1-4CED-B44A-CF5AE4E37E09}.Debug|x64.Build.0 = Debug|x64
		{8066B92D-C6D1-4CED-B44A-CF5AE4E37E09}.Debug|x86.ActiveCfg = Debug|Win32
		{8066B92D-C6D1-4CED-B44A-CF5AE4E37E09}.Debug|x86.Build.0 = Debug|Win32
		{8066B92D-C6D1-4CED-B44A-CF5AE4E37E09}.Release|x64.ActiveCfg = Release|x64
		{8066B92D-C6D1-4CED-B44A-CF5AE4E37E09}.Release|x64.Build.0 = Release|x64
		{8066B92D-C6D1-4CED-B44A-CF5AE4E37E09}.Release|x86.ActiveCfg = Release|Win32
		{8066B92D-C6D1-4CED-B44A-CF5AE4E37E09}.Release|x86.Build.0 = Release|Win32
		{FB24649F-5952-476F-A91E-7D29BB3B56D7}.Debug|x64.ActiveCfg = Debug|x64
		{FB24649F-5952-476F-A91E-7D29BB3B56D7}.Debug|x64.Build.0 = Debug|x64
		{FB24649F-5952-476F-A91E-7D29BB3B56D7}.Debug|x86.ActiveCfg = Debug|Win32
		{FB24649F-5952-476F-A91E-7D29BB3B56D7}.Debug|x86.Build.0 = Debug|Win32
		{FB24649F-5952-476F-A91E-7D29BB3B56D7}.Release|x64.ActiveCfg = Release|x64
		{FB24649F-5952-476F-A91E-7D29BB3B56D7}.Release|x64.Build.0 = Release|x64
		{FB24649F-5952-476F-A91E-7D29BB3B56D7}.Release|x86.ActiveCfg = Release|Win32
		{FB24649F-5952-476F-A91E-7D29BB3B56D7}.Release|x86.Build.0 = Release|Win32
		{ED152464-BED4-41B6-BC3D-6DCBAAE7622F}.Debug|x64.ActiveCfg = Debug|x64
		{ED152464-BED4-41B6-BC3D-6DCBAAE7622F}.Debug|x64.Build.0 = Debug|x64
		{ED152464-BED4-41B6-BC3D-6DCBAAE7622F}.Debug|x86.ActiveCfg = Debug|Win32
		{ED152464-BED4-41B6-BC3D-6DCBAAE7622F}.Debug|x86.Build.0 = Debug|Win32
		{ED152464-BED4-41B6-BC3D-6DCBAAE7622F}.Release|x64.ActiveCfg = Release|x64
		{ED152464-BED4-41B6-BC3D-6DCBAAE7622F}.Release|x64.Build.0 = Release|x64
		{ED152464-BED4-41B6-BC3D-6DCBAAE7622F}.Release|x86.ActiveCfg = Release|Win32
		{ED152464-BED4-41B6-BC3D-6DCBAAE7622F}.Release|x86.Build.0 = Release|Win32
		{FA10008D-8E7F-4B61-BDE9-CB896302A5AB}.Debug|x64.ActiveCfg = Debug|x64
		{FA10008D-8E7F-4B61-BDE9-CB896302A5AB}.Debug|x64.Build.0 = Debug|x64
		{FA10008D-8E7F-4B61-BDE9-CB896302A5AB}.Debug|x86.ActiveCfg = Debug|Win32
		{FA10008D-8E7F-4B61-BDE9-CB896302A5AB}.Debug|x86.Build.0 = Debug|Win32
		{FA10008D-8E7F-4B61-BDE9-CB896302A5AB}.Release|x64.ActiveCfg = Release|x64
		{FA10008D-8E7F-4B61-BDE9-CB896302A5AB}.Release|x64.Build.0 = Release|x64
		{FA10008D-8E7F-4B61-BDE9-CB896302A5AB}.Release|x86.ActiveCfg = Release|Win32
		{FA10008D-8E7F-4B61-BDE9-CB896302A5AB}.Release|x86.Build.0 = Release|Win32
		{8E990FCD-3093-44DB-8E9F-F3C1480B782D}.Debug|x64.ActiveCfg = Debug|x64
		{8E990FCD-3093-44DB-8E9F-F3C1480B782D}.Debug|x64.Build.0 = Debug|x64
		{8E990FCD-3093-44DB-8E9F-F3C1480B782D}.Debug|x86.ActiveCfg = Debug|Win32
		{8E990FCD-3093-44DB-8E9F-F3C1480B782D}.Debug|x86.Build.0 = Debug|Win32
		{8E990FCD-3093-44DB-8E9F-F3C1480B782D}.Release|x64.ActiveCfg = Release|x64
		{8E990FCD-3093-44DB-8E9F-F3C1480B782D}.Release|x64.Build.0 = Release|x64
		{8E990FCD-3093-44DB-8E9F-F3C1480B782D}.Release|x86.ActiveCfg = Release|Win32
		{8E990FCD-3093-44DB-8E9F-F3C1480B782D}.Release|x86.Build.0 = Release|Win32
		{27219BC5-A938-4E0F-AF44-EDBD5BDDC332}.Debug|x64.ActiveCfg = Debug|x64
		{27219BC5-A938-4E0F-AF44-EDBD5BDDC332}.Debug|x64.Build.0 = Debug|x64
		{27219BC5-A938-4E0F-AF44-EDBD5BDDC332}.Debug|x86.ActiveCfg = Debug|Win32
		{27219BC5-A938-4E0F-AF44-EDBD5BDDC332}.Debug|x86.Build.0 = Debug|Win32
		{27219BC5-A938-4E0F-AF44-EDBD5BDDC332}.Release|x64.ActiveCfg = Release|x64
		{27219BC5-A938-4E0F-AF44-EDBD5BDDC332}.Release|x64.Build.0 = Release|x64
		{27219BC5-A938-4E0F-AF44-EDBD5BDDC332}.Release|x86.ActiveCfg = Release|Win32
		{27219BC5-A938-4E0F-AF44-EDBD5BDDC332}.Release|x86.Build.0 = Release|Win32
		{9CDBED60-24DC-4247-AB60-083D94F4766F}.Debug|x64.ActiveCfg = Debug|x64
		{9CDBED60-24DC-4247-AB60-083D94F4766F}.Debug|x64.Build.0 = Debug|x64
		{9CDBED60-24DC-4247-AB60-083D94F4766F}.Debug|x86.ActiveCfg = Debug|Win32
		{9CDBED60-24DC-4247-AB60-083D94F4766F}.Debug|x86.Build.0 = Debug|Win32
		{9CDBED60-24DC-4247-AB60-083D94F4766F}.Release|x64.ActiveCfg = Release|x64
		{9CDBED60-24DC-4247-AB60-083D94F4766F}.Release|x64.Build.0 = Release|x64
		{9CDBED60-24DC-4247-AB60-083D94F4766F}.Release|x86.ActiveCfg = Release|Win32
		{9CDBED60-24DC-4247-AB60-083D94F4766F}.Release|x86.Build.0 = Release|Win32
		{34F934CE-847E-4D29-A97F-AAF3038ACE0B}.Debug|x64.ActiveCfg = Debug|x64
		{34F934CE-847E-4D29-A97F-AAF3038ACE0B}.Debug|x64.Build.0 = Debug|x64
		{34F934CE-847E-4D29-A97F-AAF3038ACE0B}.Debug|x86.ActiveCfg = Debug|Win32
		{34F934CE-847E-4D29-A97F-AAF3038ACE0B}.Debug|x86.Build.0 = Debug|Win32
		{34F934CE-847E-4D29-A97F-AAF3038ACE0B}.Release|x64.ActiveCfg = Release|x64
		{34F934CE-847E-4D29-A97F-AAF3038ACE0B}.Release|x64.Build.0 = Release|x64
		{34F934CE-847E-4D29-A97F-AAF3038ACE0B}.Release|x86.ActiveCfg = Release|Win32
		{34F934CE-847E-4D29-A97F-AAF3038ACE0B}.Release|x86.Build.0 = Release|Win32
		{AB240C24-5806-4024-8C19-6BB02DB31664}.Debug|x64.ActiveCfg = Debug|x64
		{AB240C24-5806-4024-8C19-6BB02DB31664}.Debug|x64.Build.0 = Debug|x64
		{AB240C24-5806-4024-8C19-6BB02DB31664}.Debug|x86.ActiveCfg = Debug|Win32
		{AB240C24-5806-4024-8C19-6BB02DB31664}.Debug|x86.Build.0 = Debug|Win32
		{AB240C24-5806-4024-8C19-6BB02DB31664}.Release|x64.ActiveCfg = Release|x64
		{AB240C24-5806-4024-8C19-6BB02DB31664}.Release|x64.Build.0 = Release|x64
		{AB240C24-5806-4024-8C19-6BB02DB31664}.Release|x86.ActiveCfg = Release|Win32
		{AB240C24-5806-4024-8C19-6BB02DB31664}.Release|x86.Build.0 = Release|Win32
		{62C0F448-37BB-4D39-9779-7C8A44141F8F}.Debug|x64.ActiveCfg = Debug|x64
		{62C0F448-37BB-4D39-9779-7C8A44141F8F}.Debug|x64.Build.0 = Debug|x64
		{62C0F448-37BB-4D39-9779-7C8A44141F8F}.Debug|x86.ActiveCfg = Debug|Win32
		{62C0F448-37BB-4D39-9779-7C8A44141F8F}.Debug|x86.Build.0 = Debug|Win32
		{62C0F448-37BB-4D39-9779-7C8A44141F8F}.Release|x64.ActiveCfg = Release|x64
		{62C0F448-37BB-4D39-9779-7C8A44141F8F}.Release|x64.Build.0 = Release|x64
		{62C0F448-37BB-4D39-9779-7C8A44141F8F}.Release|x86.ActiveCfg = Release|Win32
		{62C0F448-37BB-4D39-9779-7C8A44141F8F}.Release|x86.Build.0 = Release|Win32
		{BDCFD251-6CF1-4620-B18A-70828223A964}.Debug|x64.ActiveCfg = Debug|x64
		{BDCFD251-6CF1-4620-B18A-70828223A964}.Debug|x64.Build.0 = Debug|x64
		{BDCFD251-6CF1-4620-B18A-70828223A964}.Debug|x86.ActiveCfg = Debug|Win32
		{BDCFD251-6CF1-4620-B18A-70828223A964}.Debug|x86.Build.0 = Debug|Win32
		{BDCFD251-6CF1-4620-B18A-70828223A964}.Release|x64.ActiveCfg = Release|x64
		{BDCFD251-6CF1-4620-B18A-70828223A964}.Release|x64.Build.0 = Release|x64
		{BDCFD251-6CF1-4620-B18A-70828223A964}.Release|x86.ActiveCfg = Release|Win32
		{BDCFD251-6CF1-4620-B18A-70828223A964}.Release|x86.Build.0 = Release|Win32
		{829DDCF5-8A2A-4A92-A16F-F3421C2E3D87}.Debug|x64.ActiveCfg = Debug|x64
		{829DDCF5-8A2A-4A92-A16F-F3421C2E3D87}.Debug|x64.Build.0 = Debug|x64
		{829DDCF5-8A2A-4A92-A16F-F3421C2E3D87}.Debug|x86.ActiveCfg = Debug|Win32
		{829DDCF5-8A2A-4A92-A16F-F3421C2E3D87}.Debug|x86.Build.0 = Debug|Win32
		{829DDCF5-8A2A-4A92-A16F-F3421C2E3D87}.Release|x64.ActiveCfg = Release|x64
		{829DDCF5-8A2A-4A92-A16F-F3421C2E3D87}.Release|x64.Build.0 = Release|x64
		{829DDCF5-8A2A-4A92-A16F-F3421C2E3D87}.Release|x86.ActiveCfg = Release|Win32
		{829DDCF5-8A2A-4A92-A16F-F3421C2E3D87}.Release|x86.Build.0 = Release|Win32
		{FD8E64C7-A7CB-4495-9B70-D2786D996AB6}.Debug|x64.ActiveCfg = Debug|x64
		{FD8E64C7-A7CB-4495-9B70-D2786D996AB6}.Debug|x64.Build.0 = Debug|x64
		{FD8E64C7-A7CB-4495-9B70-D2786D996AB6}.Debug|x86.ActiveCfg = Debug|Win32
		{FD8E64C7-A7CB-4495-9B70-D2786D996AB6}.Debug|x86.Build.0 = Debug|Win32
		{FD8E64C7-A7CB-4495-9B70-D2786D996AB6}.Release|x64.ActiveCfg = Release|x64
		{FD8E64C7-A7CB-4495-9B70-D2786D996AB6}.Release|x64.Build.0 = Release|x64
		{FD8E64C7-A7CB-4495-9B70-D2786D996AB6}.Release|x86.ActiveCfg = Release|Win32
		{FD8E64C7-A7CB-4495-9B70-D2786D996AB6}.Release|x86.Build.0 = Release|Win32
	EndGlobalSection
	GlobalSection(SolutionProperties) = preSolution
		HideSolutionNode = FALSE
	EndGlobalSection
	GlobalSection(ExtensibilityGlobals) = postSolution
		SolutionGuid = {554BA483-228E-40C7-AF7A-1256FCD06AE4}
	EndGlobalSection
EndGlobal
